<?xml version="1.0" encoding="utf-8"?>
<Project ToolsVersion="4.0" xmlns="http://schemas.microsoft.com/developer/msbuild/2003">
  <ItemGroup>
    <Filter Include="Source Files">
      <UniqueIdentifier>{4FC737F1-C7A5-4376-A066-2A32D752A2FF}</UniqueIdentifier>
      <Extensions>cpp;c;cc;cxx;c++;cppm;ixx;def;odl;idl;hpj;bat;asm;asmx</Extensions>
    </Filter>
    <Filter Include="Header Files">
      <UniqueIdentifier>{93995380-89BD-4b04-88EB-625FBE52EBFB}</UniqueIdentifier>
      <Extensions>h;hh;hpp;hxx;h++;hm;inl;inc;ipp;xsd</Extensions>
    </Filter>
    <Filter Include="Resource Files">
      <UniqueIdentifier>{67DA6AB6-F800-4c08-8B7A-83BB121AAD01}</UniqueIdentifier>
      <Extensions>rc;ico;cur;bmp;dlg;rc2;rct;bin;rgs;gif;jpg;jpeg;jpe;resx;tiff;tif;png;wav;mfcribbon-ms</Extensions>
    </Filter>
  </ItemGroup>
  <ItemGroup>
    <ClCompile Include="main.cpp">
      <Filter>Source Files</Filter>
    </ClCompile>
    <ClCompile Include="cheat\cheat.cpp">
      <Filter>Source Files</Filter>
    </ClCompile>
    <ClCompile Include="cheat\hooks\wndproc.cpp">
      <Filter>Source Files</Filter>
    </ClCompile>
    <ClCompile Include="sdk\input\input.cpp">
      <Filter>Source Files</Filter>
    </ClCompile>
    <ClCompile Include="sdk\utils\vec.cpp">
      <Filter>Source Files</Filter>
    </ClCompile>
    <ClCompile Include="sdk\structs\source\c_class_handler.cpp">
      <Filter>Source Files</Filter>
    </ClCompile>
    <ClCompile Include="sdk\structs\source\c_game_instance.cpp">
      <Filter>Source Files</Filter>
    </ClCompile>
    <ClCompile Include="sdk\structs\source\c_object_wrapper.cpp">
      <Filter>Source Files</Filter>
    </ClCompile>
    <ClCompile Include="sdk\structs\source\c_entity.cpp">
      <Filter>Source Files</Filter>
    </ClCompile>
    <ClCompile Include="sdk\structs\source\c_axis_aligned_bb.cpp">
      <Filter>Source Files</Filter>
    </ClCompile>
    <ClCompile Include="sdk\structs\source\c_java_set.cpp">
      <Filter>Source Files</Filter>
    </ClCompile>
    <ClCompile Include="sdk\structs\source\c_world.cpp">
      <Filter>Source Files</Filter>
    </ClCompile>
    <ClCompile Include="sdk\structs\source\c_player.cpp">
      <Filter>Source Files</Filter>
    </ClCompile>
    <ClCompile Include="cheat\reach\reach.cpp">
      <Filter>Source Files</Filter>
    </ClCompile>
    <ClCompile Include="sdk\structs\source\c_minecraft_vector.cpp">
      <Filter>Source Files</Filter>
    </ClCompile>
    <ClCompile Include="cheat\aim_assist\aim_assist.cpp">
      <Filter>Source Files</Filter>
    </ClCompile>
  </ItemGroup>
  <ItemGroup>
    <ClInclude Include="sdk\includes.h">
      <Filter>Header Files</Filter>
    </ClInclude>
    <ClInclude Include="cheat\cheat.h">
      <Filter>Header Files</Filter>
    </ClInclude>
    <ClInclude Include="sdk\utils\xor.h">
      <Filter>Header Files</Filter>
    </ClInclude>
    <ClInclude Include="sdk\utils\vec.h">
      <Filter>Header Files</Filter>
    </ClInclude>
    <ClInclude Include="sdk\input\input.h">
      <Filter>Header Files</Filter>
    </ClInclude>
    <ClInclude Include="sdk\mappings.h">
      <Filter>Header Files</Filter>
    </ClInclude>
    <ClInclude Include="sdk\structs\header\c_object_wrapper.h">
      <Filter>Header Files</Filter>
    </ClInclude>
    <ClInclude Include="sdk\structs\header\c_entity.h">
      <Filter>Header Files</Filter>
    </ClInclude>
    <ClInclude Include="sdk\structs\header\c_axis_aligned_bb.h">
      <Filter>Header Files</Filter>
    </ClInclude>
    <ClInclude Include="sdk\logger.h">
      <Filter>Header Files</Filter>
    </ClInclude>
    <ClInclude Include="sdk\structs\header\c_java_set.h">
      <Filter>Header Files</Filter>
    </ClInclude>
    <ClInclude Include="sdk\structs\header\c_player.h">
      <Filter>Header Files</Filter>
    </ClInclude>
    <ClInclude Include="sdk\structs\header\c_world.h">
      <Filter>Header Files</Filter>
    </ClInclude>
    <ClInclude Include="sdk\structs\header\c_game_instance.h">
      <Filter>Header Files</Filter>
    </ClInclude>
    <ClInclude Include="sdk\structs\header\c_class_handler.h">
      <Filter>Header Files</Filter>
    </ClInclude>
    <ClInclude Include="sdk\utils\math.h">
      <Filter>Header Files</Filter>
    </ClInclude>
    <ClInclude Include="cheat\reach\reach.h">
      <Filter>Header Files</Filter>
    </ClInclude>
    <ClInclude Include="sdk\utils\timer.h">
      <Filter>Header Files</Filter>
    </ClInclude>
    <ClInclude Include="sdk\structs\header\c_minecraft_vector.h">
      <Filter>Header Files</Filter>
    </ClInclude>
    <ClInclude Include="sdk\structs\header\c_moving_object_position.h">
      <Filter>Header Files</Filter>
    </ClInclude>
    <ClInclude Include="cheat\aim_assist\aim_assist.h">
      <Filter>Header Files</Filter>
    </ClInclude>
  </ItemGroup>
</Project>